
Microsoft Visual Studio Solution File, Format Version 12.00
# Visual Studio Version 17
VisualStudioVersion = 17.0.31912.275
MinimumVisualStudioVersion = 10.0.40219.1
Project("{9A19103F-16F7-4668-BE54-9A1E7A4F7556}") = "aOC2021_1_1", "AoC2021_1_1\aOC2021_1_1.csproj", "{9EEA34BB-9188-46BE-9915-99CC918F2C44}"
EndProject
Project("{9A19103F-16F7-4668-BE54-9A1E7A4F7556}") = "AoC2021_1_2", "AoC2021_1_2\AoC2021_1_2.csproj", "{01BDA06B-683B-44D7-825E-BCEC0E3E77A8}"
EndProject
Project("{9A19103F-16F7-4668-BE54-9A1E7A4F7556}") = "aoC2021_2_1", "aoC2021_2_1\aoC2021_2_1.csproj", "{4F518AD8-6497-49BE-B2A1-D3571CD12BD9}"
EndProject
Project("{9A19103F-16F7-4668-BE54-9A1E7A4F7556}") = "AoC2021_2_2", "AoC2021_2_2\AoC2021_2_2.csproj", "{50DA3156-D929-48D4-8A28-7D6F3082A7AC}"
EndProject
Project("{9A19103F-16F7-4668-BE54-9A1E7A4F7556}") = "AoC2021_3_1", "AoC2021_3_1\AoC2021_3_1.csproj", "{DBBD5486-2A0D-4EB2-AECE-18BC37E760D1}"
EndProject
Project("{9A19103F-16F7-4668-BE54-9A1E7A4F7556}") = "AoC2021_3_2", "AoC2021_3_2\AoC2021_3_2.csproj", "{2F193A06-E6B8-4CCA-B1E0-BA95234D59E4}"
EndProject
Project("{9A19103F-16F7-4668-BE54-9A1E7A4F7556}") = "AoC2021_4_1", "AoC2021_4_1\AoC2021_4_1.csproj", "{0BAEE77E-BA7B-4CB5-A5BD-0FBEB73DFC90}"
EndProject
Project("{9A19103F-16F7-4668-BE54-9A1E7A4F7556}") = "AoC2021_4_2", "AoC2021_4_2\AoC2021_4_2.csproj", "{A638B6D6-4F30-4A13-99BF-547E9CEAB51B}"
EndProject
Project("{FAE04EC0-301F-11D3-BF4B-00C04F79EFBC}") = "AoC2021_5_1", "AoC2021_5_1\AoC2021_5_1.csproj", "{40219BD3-36E9-4CFD-A97F-4B49E17FFDF8}"
EndProject
Project("{FAE04EC0-301F-11D3-BF4B-00C04F79EFBC}") = "AoC2021_5_2", "AoC2021_5_2\AoC2021_5_2.csproj", "{F3A303FB-EE99-4917-B455-3E49C9199A0E}"
EndProject
Global
	GlobalSection(SolutionConfigurationPlatforms) = preSolution
		Debug|Any CPU = Debug|Any CPU
		Release|Any CPU = Release|Any CPU
	EndGlobalSection
	GlobalSection(ProjectConfigurationPlatforms) = postSolution
		{9EEA34BB-9188-46BE-9915-99CC918F2C44}.Debug|Any CPU.ActiveCfg = Debug|Any CPU
		{9EEA34BB-9188-46BE-9915-99CC918F2C44}.Debug|Any CPU.Build.0 = Debug|Any CPU
		{9EEA34BB-9188-46BE-9915-99CC918F2C44}.Release|Any CPU.ActiveCfg = Release|Any CPU
		{9EEA34BB-9188-46BE-9915-99CC918F2C44}.Release|Any CPU.Build.0 = Release|Any CPU
		{01BDA06B-683B-44D7-825E-BCEC0E3E77A8}.Debug|Any CPU.ActiveCfg = Debug|Any CPU
		{01BDA06B-683B-44D7-825E-BCEC0E3E77A8}.Debug|Any CPU.Build.0 = Debug|Any CPU
		{01BDA06B-683B-44D7-825E-BCEC0E3E77A8}.Release|Any CPU.ActiveCfg = Release|Any CPU
		{01BDA06B-683B-44D7-825E-BCEC0E3E77A8}.Release|Any CPU.Build.0 = Release|Any CPU
		{4F518AD8-6497-49BE-B2A1-D3571CD12BD9}.Debug|Any CPU.ActiveCfg = Debug|Any CPU
		{4F518AD8-6497-49BE-B2A1-D3571CD12BD9}.Debug|Any CPU.Build.0 = Debug|Any CPU
		{4F518AD8-6497-49BE-B2A1-D3571CD12BD9}.Release|Any CPU.ActiveCfg = Release|Any CPU
		{4F518AD8-6497-49BE-B2A1-D3571CD12BD9}.Release|Any CPU.Build.0 = Release|Any CPU
		{50DA3156-D929-48D4-8A28-7D6F3082A7AC}.Debug|Any CPU.ActiveCfg = Debug|Any CPU
		{50DA3156-D929-48D4-8A28-7D6F3082A7AC}.Debug|Any CPU.Build.0 = Debug|Any CPU
		{50DA3156-D929-48D4-8A28-7D6F3082A7AC}.Release|Any CPU.ActiveCfg = Release|Any CPU
		{50DA3156-D929-48D4-8A28-7D6F3082A7AC}.Release|Any CPU.Build.0 = Release|Any CPU
		{DBBD5486-2A0D-4EB2-AECE-18BC37E760D1}.Debug|Any CPU.ActiveCfg = Debug|Any CPU
		{DBBD5486-2A0D-4EB2-AECE-18BC37E760D1}.Debug|Any CPU.Build.0 = Debug|Any CPU
		{DBBD5486-2A0D-4EB2-AECE-18BC37E760D1}.Release|Any CPU.ActiveCfg = Release|Any CPU
		{DBBD5486-2A0D-4EB2-AECE-18BC37E760D1}.Release|Any CPU.Build.0 = Release|Any CPU
		{2F193A06-E6B8-4CCA-B1E0-BA95234D59E4}.Debug|Any CPU.ActiveCfg = Debug|Any CPU
		{2F193A06-E6B8-4CCA-B1E0-BA95234D59E4}.Debug|Any CPU.Build.0 = Debug|Any CPU
		{2F193A06-E6B8-4CCA-B1E0-BA95234D59E4}.Release|Any CPU.ActiveCfg = Release|Any CPU
		{2F193A06-E6B8-4CCA-B1E0-BA95234D59E4}.Release|Any CPU.Build.0 = Release|Any CPU
		{0BAEE77E-BA7B-4CB5-A5BD-0FBEB73DFC90}.Debug|Any CPU.ActiveCfg = Debug|Any CPU
		{0BAEE77E-BA7B-4CB5-A5BD-0FBEB73DFC90}.Debug|Any CPU.Build.0 = Debug|Any CPU
		{0BAEE77E-BA7B-4CB5-A5BD-0FBEB73DFC90}.Release|Any CPU.ActiveCfg = Release|Any CPU
		{0BAEE77E-BA7B-4CB5-A5BD-0FBEB73DFC90}.Release|Any CPU.Build.0 = Release|Any CPU
		{A638B6D6-4F30-4A13-99BF-547E9CEAB51B}.Debug|Any CPU.ActiveCfg = Debug|Any CPU
		{A638B6D6-4F30-4A13-99BF-547E9CEAB51B}.Debug|Any CPU.Build.0 = Debug|Any CPU
		{A638B6D6-4F30-4A13-99BF-547E9CEAB51B}.Release|Any CPU.ActiveCfg = Release|Any CPU
		{A638B6D6-4F30-4A13-99BF-547E9CEAB51B}.Release|Any CPU.Build.0 = Release|Any CPU
		{40219BD3-36E9-4CFD-A97F-4B49E17FFDF8}.Debug|Any CPU.ActiveCfg = Debug|Any CPU
		{40219BD3-36E9-4CFD-A97F-4B49E17FFDF8}.Debug|Any CPU.Build.0 = Debug|Any CPU
		{40219BD3-36E9-4CFD-A97F-4B49E17FFDF8}.Release|Any CPU.ActiveCfg = Release|Any CPU
		{40219BD3-36E9-4CFD-A97F-4B49E17FFDF8}.Release|Any CPU.Build.0 = Release|Any CPU
		{F3A303FB-EE99-4917-B455-3E49C9199A0E}.Debug|Any CPU.ActiveCfg = Debug|Any CPU
		{F3A303FB-EE99-4917-B455-3E49C9199A0E}.Debug|Any CPU.Build.0 = Debug|Any CPU
		{F3A303FB-EE99-4917-B455-3E49C9199A0E}.Release|Any CPU.ActiveCfg = Release|Any CPU
		{F3A303FB-EE99-4917-B455-3E49C9199A0E}.Release|Any CPU.Build.0 = Release|Any CPU
	EndGlobalSection
	GlobalSection(SolutionProperties) = preSolution
		HideSolutionNode = FALSE
	EndGlobalSection
	GlobalSection(ExtensibilityGlobals) = postSolution
		SolutionGuid = {2E02F1BE-F9F7-44F2-80EB-2331D15960A5}
	EndGlobalSection
EndGlobal
